
Microsoft Visual Studio Solution File, Format Version 12.00
# Visual Studio Version 17
VisualStudioVersion = 17.3.32728.150
MinimumVisualStudioVersion = 10.0.40219.1
Project("{FAE04EC0-301F-11D3-BF4B-00C04F79EFBC}") = "Moq.Api", "Moq.Api\Moq.Api.csproj", "{4E026C75-1920-460F-B406-FC3DE4C2B856}"
EndProject
Project("{FAE04EC0-301F-11D3-BF4B-00C04F79EFBC}") = "Moq.Tests", "Moq.Tests\Moq.Tests.csproj", "{E689F7EA-16AE-4A4F-AC40-CD2413BC253B}"
EndProject
Global
	GlobalSection(SolutionConfigurationPlatforms) = preSolution
		Debug|Any CPU = Debug|Any CPU
		Release|Any CPU = Release|Any CPU
	EndGlobalSection
	GlobalSection(ProjectConfigurationPlatforms) = postSolution
		{4E026C75-1920-460F-B406-FC3DE4C2B856}.Debug|Any CPU.ActiveCfg = Debug|Any CPU
		{4E026C75-1920-460F-B406-FC3DE4C2B856}.Debug|Any CPU.Build.0 = Debug|Any CPU
		{4E026C75-1920-460F-B406-FC3DE4C2B856}.Release|Any CPU.ActiveCfg = Release|Any CPU
		{4E026C75-1920-460F-B406-FC3DE4C2B856}.Release|Any CPU.Build.0 = Release|Any CPU
		{E689F7EA-16AE-4A4F-AC40-CD2413BC253B}.Debug|Any CPU.ActiveCfg = Debug|Any CPU
		{E689F7EA-16AE-4A4F-AC40-CD2413BC253B}.Debug|Any CPU.Build.0 = Debug|Any CPU
		{E689F7EA-16AE-4A4F-AC40-CD2413BC253B}.Release|Any CPU.ActiveCfg = Release|Any CPU
		{E689F7EA-16AE-4A4F-AC40-CD2413BC253B}.Release|Any CPU.Build.0 = Release|Any CPU
	EndGlobalSection
	GlobalSection(SolutionProperties) = preSolution
		HideSolutionNode = FALSE
	EndGlobalSection
	GlobalSection(ExtensibilityGlobals) = postSolution
		SolutionGuid = {68C07B3E-C4AB-4C46-97AE-E8E6539BF10A}
	EndGlobalSection
EndGlobal
